
Microsoft Visual Studio Solution File, Format Version 12.00
# Visual Studio 14
VisualStudioVersion = 14.0.25420.1
MinimumVisualStudioVersion = 10.0.40219.1
Project("{FAE04EC0-301F-11D3-BF4B-00C04F79EFBC}") = "Turtle_Graphics", "Turtle_Graphics\Turtle_Graphics.csproj", "{D01F4DA8-72EF-460D-AA0E-8523D32AACCF}"
EndProject
Global
	GlobalSection(SolutionConfigurationPlatforms) = preSolution
		Debug|Any CPU = Debug|Any CPU
		Release|Any CPU = Release|Any CPU
	EndGlobalSection
	GlobalSection(ProjectConfigurationPlatforms) = postSolution
		{D01F4DA8-72EF-460D-AA0E-8523D32AACCF}.Debug|Any CPU.ActiveCfg = Debug|Any CPU
		{D01F4DA8-72EF-460D-AA0E-8523D32AACCF}.Debug|Any CPU.Build.0 = Debug|Any CPU
		{D01F4DA8-72EF-460D-AA0E-8523D32AACCF}.Release|Any CPU.ActiveCfg = Release|Any CPU
		{D01F4DA8-72EF-460D-AA0E-8523D32AACCF}.Release|Any CPU.Build.0 = Release|Any CPU
	EndGlobalSection
	GlobalSection(SolutionProperties) = preSolution
		HideSolutionNode = FALSE
	EndGlobalSection
EndGlobal
